{
  "name": "@widgetbot/embed-api",
  "version": "1.1.3",
  "lockfileVersion": 2,
  "requires": true,
  "packages": {
    "": {
      "name": "@widgetbot/embed-api",
      "version": "1.1.3",
      "license": "MIT",
      "dependencies": {
        "post-robot": "^8.0.28"
      }
    },
    "node_modules/cross-domain-safe-weakmap": {
      "version": "1.0.29",
      "resolved": "https://registry.npmjs.org/cross-domain-safe-weakmap/-/cross-domain-safe-weakmap-1.0.29.tgz",
      "integrity": "sha512-VLoUgf2SXnf3+na8NfeUFV59TRZkIJqCIATaMdbhccgtnTlSnHXkyTRwokngEGYdQXx8JbHT9GDYitgR2sdjuA==",
      "dependencies": {
        "cross-domain-utils": "^2.0.0"
      }
    },
    "node_modules/cross-domain-utils": {
      "version": "2.0.38",
      "resolved": "https://registry.npmjs.org/cross-domain-utils/-/cross-domain-utils-2.0.38.tgz",
      "integrity": "sha512-zZfi3+2EIR9l4chrEiXI2xFleyacsJf8YMLR1eJ0Veb5FTMXeJ3DpxDjZkto2FhL/g717WSELqbptNSo85UJDw==",
      "dependencies": {
        "zalgo-promise": "^1.0.11"
      }
    },
    "node_modules/post-robot": {
      "version": "8.0.31",
      "resolved": "https://registry.npmjs.org/post-robot/-/post-robot-8.0.31.tgz",
      "integrity": "sha512-nUhtKgtmcgyuPm4RnIhUB3gsDYJBHOgFry3TvOxhIHpgfwYY/T69d4oB90tw4YUllFZUUwqLEv1Wgyg6eOoJ7A==",
      "dependencies": {
        "cross-domain-safe-weakmap": "^1.0.1",
        "cross-domain-utils": "^2.0.0",
        "zalgo-promise": "^1.0.3"
      }
    },
    "node_modules/zalgo-promise": {
      "version": "1.0.48",
      "resolved": "https://registry.npmjs.org/zalgo-promise/-/zalgo-promise-1.0.48.tgz",
      "integrity": "sha512-LLHANmdm53+MucY9aOFIggzYtUdkSBFxUsy4glTTQYNyK6B3uCPWTbfiGvSrEvLojw0mSzyFJ1/RRLv+QMNdzQ=="
    }
  },
  "dependencies": {
    "cross-domain-safe-weakmap": {
      "version": "1.0.29",
      "resolved": "https://registry.npmjs.org/cross-domain-safe-weakmap/-/cross-domain-safe-weakmap-1.0.29.tgz",
      "integrity": "sha512-VLoUgf2SXnf3+na8NfeUFV59TRZkIJqCIATaMdbhccgtnTlSnHXkyTRwokngEGYdQXx8JbHT9GDYitgR2sdjuA==",
      "requires": {
        "cross-domain-utils": "^2.0.0"
      }
    },
    "cross-domain-utils": {
      "version": "2.0.38",
      "resolved": "https://registry.npmjs.org/cross-domain-utils/-/cross-domain-utils-2.0.38.tgz",
      "integrity": "sha512-zZfi3+2EIR9l4chrEiXI2xFleyacsJf8YMLR1eJ0Veb5FTMXeJ3DpxDjZkto2FhL/g717WSELqbptNSo85UJDw==",
      "requires": {
        "zalgo-promise": "^1.0.11"
      }
    },
    "post-robot": {
      "version": "8.0.31",
      "resolved": "https://registry.npmjs.org/post-robot/-/post-robot-8.0.31.tgz",
      "integrity": "sha512-nUhtKgtmcgyuPm4RnIhUB3gsDYJBHOgFry3TvOxhIHpgfwYY/T69d4oB90tw4YUllFZUUwqLEv1Wgyg6eOoJ7A==",
      "requires": {
        "cross-domain-safe-weakmap": "^1.0.1",
        "cross-domain-utils": "^2.0.0",
        "zalgo-promise": "^1.0.3"
      }
    },
    "zalgo-promise": {
      "version": "1.0.48",
      "resolved": "https://registry.npmjs.org/zalgo-promise/-/zalgo-promise-1.0.48.tgz",
      "integrity": "sha512-LLHANmdm53+MucY9aOFIggzYtUdkSBFxUsy4glTTQYNyK6B3uCPWTbfiGvSrEvLojw0mSzyFJ1/RRLv+QMNdzQ=="
    }
  }
}
