lockfileVersion: 5.4

specifiers:
  post-robot: ^8.0.28

dependencies:
  post-robot: 8.0.31

packages:

  /cross-domain-safe-weakmap/1.0.29:
    resolution: {integrity: sha512-VLoUgf2SXnf3+na8NfeUFV59TRZkIJqCIATaMdbhccgtnTlSnHXkyTRwokngEGYdQXx8JbHT9GDYitgR2sdjuA==}
    dependencies:
      cross-domain-utils: 2.0.38
    dev: false

  /cross-domain-utils/2.0.38:
    resolution: {integrity: sha512-zZfi3+2EIR9l4chrEiXI2xFleyacsJf8YMLR1eJ0Veb5FTMXeJ3DpxDjZkto2FhL/g717WSELqbptNSo85UJDw==}
    dependencies:
      zalgo-promise: 1.0.48
    dev: false

  /post-robot/8.0.31:
    resolution: {integrity: sha512-nUhtKgtmcgyuPm4RnIhUB3gsDYJBHOgFry3TvOxhIHpgfwYY/T69d4oB90tw4YUllFZUUwqLEv1Wgyg6eOoJ7A==}
    dependencies:
      cross-domain-safe-weakmap: 1.0.29
      cross-domain-utils: 2.0.38
      zalgo-promise: 1.0.48
    dev: false

  /zalgo-promise/1.0.48:
    resolution: {integrity: sha512-LLHANmdm53+MucY9aOFIggzYtUdkSBFxUsy4glTTQYNyK6B3uCPWTbfiGvSrEvLojw0mSzyFJ1/RRLv+QMNdzQ==}
    dev: false
